// !$*UTF8*$!
{
	archiveVersion = 1;
	classes = {
	};
	objectVersion = 56;
	objects = {

/* Begin PBXBuildFile section */
		CF638A0F64B5BEA2BFDC092F /* Pods_Instagram.framework in Frameworks */ = {isa = PBXBuildFile; fileRef = 4C92F7006C659F5BA99C4269 /* Pods_Instagram.framework */; };
		DA466B7C2A49A18F00D9D48A /* Const.swift in Sources */ = {isa = PBXBuildFile; fileRef = DA466B7B2A49A18F00D9D48A /* Const.swift */; };
		DA466B7F2A49B2D800D9D48A /* PostTabelViewCell.swift in Sources */ = {isa = PBXBuildFile; fileRef = DA466B7D2A49B2D800D9D48A /* PostTabelViewCell.swift */; };
		DA466B802A49B2D800D9D48A /* PostTabelViewCell.xib in Resources */ = {isa = PBXBuildFile; fileRef = DA466B7E2A49B2D800D9D48A /* PostTabelViewCell.xib */; };
		DA466B822A49D07E00D9D48A /* PostData.swift in Sources */ = {isa = PBXBuildFile; fileRef = DA466B812A49D07E00D9D48A /* PostData.swift */; };
		DABDB0342A4700630084AF4D /* AppDelegate.swift in Sources */ = {isa = PBXBuildFile; fileRef = DABDB0332A4700630084AF4D /* AppDelegate.swift */; };
		DABDB0362A4700630084AF4D /* SceneDelegate.swift in Sources */ = {isa = PBXBuildFile; fileRef = DABDB0352A4700630084AF4D /* SceneDelegate.swift */; };
		DABDB03B2A4700630084AF4D /* Main.storyboard in Resources */ = {isa = PBXBuildFile; fileRef = DABDB0392A4700630084AF4D /* Main.storyboard */; };
		DABDB03D2A4700640084AF4D /* Assets.xcassets in Resources */ = {isa = PBXBuildFile; fileRef = DABDB03C2A4700640084AF4D /* Assets.xcassets */; };
		DABDB0402A4700640084AF4D /* LaunchScreen.storyboard in Resources */ = {isa = PBXBuildFile; fileRef = DABDB03E2A4700640084AF4D /* LaunchScreen.storyboard */; };
		DABDB04A2A4702380084AF4D /* HomeViewController.swift in Sources */ = {isa = PBXBuildFile; fileRef = DABDB0492A4702380084AF4D /* HomeViewController.swift */; };
		DABDB04C2A47025C0084AF4D /* LoginViewController.swift in Sources */ = {isa = PBXBuildFile; fileRef = DABDB04B2A47025C0084AF4D /* LoginViewController.swift */; };
		DABDB04E2A4702710084AF4D /* ImageSelectViewController.swift in Sources */ = {isa = PBXBuildFile; fileRef = DABDB04D2A4702710084AF4D /* ImageSelectViewController.swift */; };
		DABDB0502A4702830084AF4D /* PostViewController.swift in Sources */ = {isa = PBXBuildFile; fileRef = DABDB04F2A4702830084AF4D /* PostViewController.swift */; };
		DABDB0522A4702930084AF4D /* SettingViewController.swift in Sources */ = {isa = PBXBuildFile; fileRef = DABDB0512A4702930084AF4D /* SettingViewController.swift */; };
		DABDB0582A4710770084AF4D /* TabBarController.swift in Sources */ = {isa = PBXBuildFile; fileRef = DABDB0572A4710770084AF4D /* TabBarController.swift */; };
		DABDB05A2A47240E0084AF4D /* GoogleService-Info.plist in Resources */ = {isa = PBXBuildFile; fileRef = DABDB0592A47240E0084AF4D /* GoogleService-Info.plist */; };
/* End PBXBuildFile section */

/* Begin PBXFileReference section */
		4C92F7006C659F5BA99C4269 /* Pods_Instagram.framework */ = {isa = PBXFileReference; explicitFileType = wrapper.framework; includeInIndex = 0; path = Pods_Instagram.framework; sourceTree = BUILT_PRODUCTS_DIR; };
		63160B8F4185FBBDC9D41301 /* Pods-Instagram.release.xcconfig */ = {isa = PBXFileReference; includeInIndex = 1; lastKnownFileType = text.xcconfig; name = "Pods-Instagram.release.xcconfig"; path = "Target Support Files/Pods-Instagram/Pods-Instagram.release.xcconfig"; sourceTree = "<group>"; };
		7654C50426775429113463FD /* Pods-Instagram.debug.xcconfig */ = {isa = PBXFileReference; includeInIndex = 1; lastKnownFileType = text.xcconfig; name = "Pods-Instagram.debug.xcconfig"; path = "Target Support Files/Pods-Instagram/Pods-Instagram.debug.xcconfig"; sourceTree = "<group>"; };
		DA466B7B2A49A18F00D9D48A /* Const.swift */ = {isa = PBXFileReference; lastKnownFileType = sourcecode.swift; path = Const.swift; sourceTree = "<group>"; };
		DA466B7D2A49B2D800D9D48A /* PostTabelViewCell.swift */ = {isa = PBXFileReference; lastKnownFileType = sourcecode.swift; path = PostTabelViewCell.swift; sourceTree = "<group>"; };
		DA466B7E2A49B2D800D9D48A /* PostTabelViewCell.xib */ = {isa = PBXFileReference; lastKnownFileType = file.xib; path = PostTabelViewCell.xib; sourceTree = "<group>"; };
		DA466B812A49D07E00D9D48A /* PostData.swift */ = {isa = PBXFileReference; lastKnownFileType = sourcecode.swift; path = PostData.swift; sourceTree = "<group>"; };
		DABDB0302A4700630084AF4D /* Instagram.app */ = {isa = PBXFileReference; explicitFileType = wrapper.application; includeInIndex = 0; path = Instagram.app; sourceTree = BUILT_PRODUCTS_DIR; };
		DABDB0332A4700630084AF4D /* AppDelegate.swift */ = {isa = PBXFileReference; lastKnownFileType = sourcecode.swift; path = AppDelegate.swift; sourceTree = "<group>"; };
		DABDB0352A4700630084AF4D /* SceneDelegate.swift */ = {isa = PBXFileReference; lastKnownFileType = sourcecode.swift; path = SceneDelegate.swift; sourceTree = "<group>"; };
		DABDB03A2A4700630084AF4D /* Base */ = {isa = PBXFileReference; lastKnownFileType = file.storyboard; name = Base; path = Base.lproj/Main.storyboard; sourceTree = "<group>"; };
		DABDB03C2A4700640084AF4D /* Assets.xcassets */ = {isa = PBXFileReference; lastKnownFileType = folder.assetcatalog; path = Assets.xcassets; sourceTree = "<group>"; };
		DABDB03F2A4700640084AF4D /* Base */ = {isa = PBXFileReference; lastKnownFileType = file.storyboard; name = Base; path = Base.lproj/LaunchScreen.storyboard; sourceTree = "<group>"; };
		DABDB0412A4700640084AF4D /* Info.plist */ = {isa = PBXFileReference; lastKnownFileType = text.plist.xml; path = Info.plist; sourceTree = "<group>"; };
		DABDB0492A4702380084AF4D /* HomeViewController.swift */ = {isa = PBXFileReference; lastKnownFileType = sourcecode.swift; path = HomeViewController.swift; sourceTree = "<group>"; };
		DABDB04B2A47025C0084AF4D /* LoginViewController.swift */ = {isa = PBXFileReference; lastKnownFileType = sourcecode.swift; path = LoginViewController.swift; sourceTree = "<group>"; };
		DABDB04D2A4702710084AF4D /* ImageSelectViewController.swift */ = {isa = PBXFileReference; lastKnownFileType = sourcecode.swift; path = ImageSelectViewController.swift; sourceTree = "<group>"; };
		DABDB04F2A4702830084AF4D /* PostViewController.swift */ = {isa = PBXFileReference; lastKnownFileType = sourcecode.swift; path = PostViewController.swift; sourceTree = "<group>"; };
		DABDB0512A4702930084AF4D /* SettingViewController.swift */ = {isa = PBXFileReference; lastKnownFileType = sourcecode.swift; path = SettingViewController.swift; sourceTree = "<group>"; };
		DABDB0572A4710770084AF4D /* TabBarController.swift */ = {isa = PBXFileReference; lastKnownFileType = sourcecode.swift; path = TabBarController.swift; sourceTree = "<group>"; };
		DABDB0592A47240E0084AF4D /* GoogleService-Info.plist */ = {isa = PBXFileReference; lastKnownFileType = text.plist; name = "GoogleService-Info.plist"; path = "../../../../Downloads/GoogleService-Info.plist"; sourceTree = "<group>"; };
/* End PBXFileReference section */

/* Begin PBXFrameworksBuildPhase section */
		DABDB02D2A4700630084AF4D /* Frameworks */ = {
			isa = PBXFrameworksBuildPhase;
			buildActionMask = 2147483647;
			files = (
				CF638A0F64B5BEA2BFDC092F /* Pods_Instagram.framework in Frameworks */,
			);
			runOnlyForDeploymentPostprocessing = 0;
		};
/* End PBXFrameworksBuildPhase section */

/* Begin PBXGroup section */
		621AC59801D00EB23568ADFE /* Pods */ = {
			isa = PBXGroup;
			children = (
				7654C50426775429113463FD /* Pods-Instagram.debug.xcconfig */,
				63160B8F4185FBBDC9D41301 /* Pods-Instagram.release.xcconfig */,
			);
			path = Pods;
			sourceTree = "<group>";
		};
		9DEEC68F5AB179AFF8C70669 /* Frameworks */ = {
			isa = PBXGroup;
			children = (
				4C92F7006C659F5BA99C4269 /* Pods_Instagram.framework */,
			);
			name = Frameworks;
			sourceTree = "<group>";
		};
		DABDB0272A4700630084AF4D = {
			isa = PBXGroup;
			children = (
				DABDB0322A4700630084AF4D /* Instagram */,
				DABDB0312A4700630084AF4D /* Products */,
				621AC59801D00EB23568ADFE /* Pods */,
				9DEEC68F5AB179AFF8C70669 /* Frameworks */,
			);
			sourceTree = "<group>";
		};
		DABDB0312A4700630084AF4D /* Products */ = {
			isa = PBXGroup;
			children = (
				DABDB0302A4700630084AF4D /* Instagram.app */,
			);
			name = Products;
			sourceTree = "<group>";
		};
		DABDB0322A4700630084AF4D /* Instagram */ = {
			isa = PBXGroup;
			children = (
				DABDB0332A4700630084AF4D /* AppDelegate.swift */,
				DABDB0352A4700630084AF4D /* SceneDelegate.swift */,
				DABDB04B2A47025C0084AF4D /* LoginViewController.swift */,
				DABDB0492A4702380084AF4D /* HomeViewController.swift */,
				DABDB04D2A4702710084AF4D /* ImageSelectViewController.swift */,
				DABDB04F2A4702830084AF4D /* PostViewController.swift */,
				DABDB0512A4702930084AF4D /* SettingViewController.swift */,
				DABDB0572A4710770084AF4D /* TabBarController.swift */,
				DA466B7B2A49A18F00D9D48A /* Const.swift */,
				DA466B812A49D07E00D9D48A /* PostData.swift */,
				DA466B7D2A49B2D800D9D48A /* PostTabelViewCell.swift */,
				DA466B7E2A49B2D800D9D48A /* PostTabelViewCell.xib */,
				DABDB0392A4700630084AF4D /* Main.storyboard */,
				DABDB03C2A4700640084AF4D /* Assets.xcassets */,
				DABDB03E2A4700640084AF4D /* LaunchScreen.storyboard */,
				DABDB0412A4700640084AF4D /* Info.plist */,
				DABDB0592A47240E0084AF4D /* GoogleService-Info.plist */,
			);
			path = Instagram;
			sourceTree = "<group>";
		};
/* End PBXGroup section */

/* Begin PBXNativeTarget section */
		DABDB02F2A4700630084AF4D /* Instagram */ = {
			isa = PBXNativeTarget;
			buildConfigurationList = DABDB0442A4700640084AF4D /* Build configuration list for PBXNativeTarget "Instagram" */;
			buildPhases = (
				E0C5F274F1A994C81337A8C7 /* [CP] Check Pods Manifest.lock */,
				DABDB02C2A4700630084AF4D /* Sources */,
				DABDB02D2A4700630084AF4D /* Frameworks */,
				DABDB02E2A4700630084AF4D /* Resources */,
				937A599B5D0F8D298BFF620B /* [CP] Embed Pods Frameworks */,
			);
			buildRules = (
			);
			dependencies = (
			);
			name = Instagram;
			productName = Instagram;
			productReference = DABDB0302A4700630084AF4D /* Instagram.app */;
			productType = "com.apple.product-type.application";
		};
/* End PBXNativeTarget section */

/* Begin PBXProject section */
		DABDB0282A4700630084AF4D /* Project object */ = {
			isa = PBXProject;
			attributes = {
				BuildIndependentTargetsInParallel = 1;
				LastSwiftUpdateCheck = 1410;
				LastUpgradeCheck = 1410;
				TargetAttributes = {
					DABDB02F2A4700630084AF4D = {
						CreatedOnToolsVersion = 14.1;
					};
				};
			};
			buildConfigurationList = DABDB02B2A4700630084AF4D /* Build configuration list for PBXProject "Instagram" */;
			compatibilityVersion = "Xcode 14.0";
			developmentRegion = en;
			hasScannedForEncodings = 0;
			knownRegions = (
				en,
				Base,
			);
			mainGroup = DABDB0272A4700630084AF4D;
			productRefGroup = DABDB0312A4700630084AF4D /* Products */;
			projectDirPath = "";
			projectRoot = "";
			targets = (
				DABDB02F2A4700630084AF4D /* Instagram */,
			);
		};
/* End PBXProject section */

/* Begin PBXResourcesBuildPhase section */
		DABDB02E2A4700630084AF4D /* Resources */ = {
			isa = PBXResourcesBuildPhase;
			buildActionMask = 2147483647;
			files = (
				DABDB0402A4700640084AF4D /* LaunchScreen.storyboard in Resources */,
				DABDB05A2A47240E0084AF4D /* GoogleService-Info.plist in Resources */,
				DA466B802A49B2D800D9D48A /* PostTabelViewCell.xib in Resources */,
				DABDB03D2A4700640084AF4D /* Assets.xcassets in Resources */,
				DABDB03B2A4700630084AF4D /* Main.storyboard in Resources */,
			);
			runOnlyForDeploymentPostprocessing = 0;
		};
/* End PBXResourcesBuildPhase section */

/* Begin PBXShellScriptBuildPhase section */
		937A599B5D0F8D298BFF620B /* [CP] Embed Pods Frameworks */ = {
			isa = PBXShellScriptBuildPhase;
			buildActionMask = 2147483647;
			files = (
			);
			inputFileListPaths = (
				"${PODS_ROOT}/Target Support Files/Pods-Instagram/Pods-Instagram-frameworks-${CONFIGURATION}-input-files.xcfilelist",
			);
			name = "[CP] Embed Pods Frameworks";
			outputFileListPaths = (
				"${PODS_ROOT}/Target Support Files/Pods-Instagram/Pods-Instagram-frameworks-${CONFIGURATION}-output-files.xcfilelist",
			);
			runOnlyForDeploymentPostprocessing = 0;
			shellPath = /bin/sh;
			shellScript = "\"${PODS_ROOT}/Target Support Files/Pods-Instagram/Pods-Instagram-frameworks.sh\"\n";
			showEnvVarsInLog = 0;
		};
		E0C5F274F1A994C81337A8C7 /* [CP] Check Pods Manifest.lock */ = {
			isa = PBXShellScriptBuildPhase;
			buildActionMask = 2147483647;
			files = (
			);
			inputFileListPaths = (
			);
			inputPaths = (
				"${PODS_PODFILE_DIR_PATH}/Podfile.lock",
				"${PODS_ROOT}/Manifest.lock",
			);
			name = "[CP] Check Pods Manifest.lock";
			outputFileListPaths = (
			);
			outputPaths = (
				"$(DERIVED_FILE_DIR)/Pods-Instagram-checkManifestLockResult.txt",
			);
			runOnlyForDeploymentPostprocessing = 0;
			shellPath = /bin/sh;
			shellScript = "diff \"${PODS_PODFILE_DIR_PATH}/Podfile.lock\" \"${PODS_ROOT}/Manifest.lock\" > /dev/null\nif [ $? != 0 ] ; then\n    # print error to STDERR\n    echo \"error: The sandbox is not in sync with the Podfile.lock. Run 'pod install' or update your CocoaPods installation.\" >&2\n    exit 1\nfi\n# This output is used by Xcode 'outputs' to avoid re-running this script phase.\necho \"SUCCESS\" > \"${SCRIPT_OUTPUT_FILE_0}\"\n";
			showEnvVarsInLog = 0;
		};
/* End PBXShellScriptBuildPhase section */

/* Begin PBXSourcesBuildPhase section */
		DABDB02C2A4700630084AF4D /* Sources */ = {
			isa = PBXSourcesBuildPhase;
			buildActionMask = 2147483647;
			files = (
				DABDB04E2A4702710084AF4D /* ImageSelectViewController.swift in Sources */,
				DABDB0582A4710770084AF4D /* TabBarController.swift in Sources */,
				DABDB04A2A4702380084AF4D /* HomeViewController.swift in Sources */,
				DABDB0502A4702830084AF4D /* PostViewController.swift in Sources */,
				DABDB0522A4702930084AF4D /* SettingViewController.swift in Sources */,
				DABDB0342A4700630084AF4D /* AppDelegate.swift in Sources */,
				DABDB04C2A47025C0084AF4D /* LoginViewController.swift in Sources */,
				DABDB0362A4700630084AF4D /* SceneDelegate.swift in Sources */,
				DA466B7C2A49A18F00D9D48A /* Const.swift in Sources */,
				DA466B822A49D07E00D9D48A /* PostData.swift in Sources */,
				DA466B7F2A49B2D800D9D48A /* PostTabelViewCell.swift in Sources */,
			);
			runOnlyForDeploymentPostprocessing = 0;
		};
/* End PBXSourcesBuildPhase section */

/* Begin PBXVariantGroup section */
		DABDB0392A4700630084AF4D /* Main.storyboard */ = {
			isa = PBXVariantGroup;
			children = (
				DABDB03A2A4700630084AF4D /* Base */,
			);
			name = Main.storyboard;
			sourceTree = "<group>";
		};
		DABDB03E2A4700640084AF4D /* LaunchScreen.storyboard */ = {
			isa = PBXVariantGroup;
			children = (
				DABDB03F2A4700640084AF4D /* Base */,
			);
			name = LaunchScreen.storyboard;
			sourceTree = "<group>";
		};
/* End PBXVariantGroup section */

/* Begin XCBuildConfiguration section */
		DABDB0422A4700640084AF4D /* Debug */ = {
			isa = XCBuildConfiguration;
			buildSettings = {
				ALWAYS_SEARCH_USER_PATHS = NO;
				CLANG_ANALYZER_NONNULL = YES;
				CLANG_ANALYZER_NUMBER_OBJECT_CONVERSION = YES_AGGRESSIVE;
				CLANG_CXX_LANGUAGE_STANDARD = "gnu++20";
				CLANG_ENABLE_MODULES = YES;
				CLANG_ENABLE_OBJC_ARC = YES;
				CLANG_ENABLE_OBJC_WEAK = YES;
				CLANG_WARN_BLOCK_CAPTURE_AUTORELEASING = YES;
				CLANG_WARN_BOOL_CONVERSION = YES;
				CLANG_WARN_COMMA = YES;
				CLANG_WARN_CONSTANT_CONVERSION = YES;
				CLANG_WARN_DEPRECATED_OBJC_IMPLEMENTATIONS = YES;
				CLANG_WARN_DIRECT_OBJC_ISA_USAGE = YES_ERROR;
				CLANG_WARN_DOCUMENTATION_COMMENTS = YES;
				CLANG_WARN_EMPTY_BODY = YES;
				CLANG_WARN_ENUM_CONVERSION = YES;
				CLANG_WARN_INFINITE_RECURSION = YES;
				CLANG_WARN_INT_CONVERSION = YES;
				CLANG_WARN_NON_LITERAL_NULL_CONVERSION = YES;
				CLANG_WARN_OBJC_IMPLICIT_RETAIN_SELF = YES;
				CLANG_WARN_OBJC_LITERAL_CONVERSION = YES;
				CLANG_WARN_OBJC_ROOT_CLASS = YES_ERROR;
				CLANG_WARN_QUOTED_INCLUDE_IN_FRAMEWORK_HEADER = YES;
				CLANG_WARN_RANGE_LOOP_ANALYSIS = YES;
				CLANG_WARN_STRICT_PROTOTYPES = YES;
				CLANG_WARN_SUSPICIOUS_MOVE = YES;
				CLANG_WARN_UNGUARDED_AVAILABILITY = YES_AGGRESSIVE;
				CLANG_WARN_UNREACHABLE_CODE = YES;
				CLANG_WARN__DUPLICATE_METHOD_MATCH = YES;
				COPY_PHASE_STRIP = NO;
				DEBUG_INFORMATION_FORMAT = dwarf;
				ENABLE_STRICT_OBJC_MSGSEND = YES;
				ENABLE_TESTABILITY = YES;
				GCC_C_LANGUAGE_STANDARD = gnu11;
				GCC_DYNAMIC_NO_PIC = NO;
				GCC_NO_COMMON_BLOCKS = YES;
				GCC_OPTIMIZATION_LEVEL = 0;
				GCC_PREPROCESSOR_DEFINITIONS = (
					"DEBUG=1",
					"$(inherited)",
				);
				GCC_WARN_64_TO_32_BIT_CONVERSION = YES;
				GCC_WARN_ABOUT_RETURN_TYPE = YES_ERROR;
				GCC_WARN_UNDECLARED_SELECTOR = YES;
				GCC_WARN_UNINITIALIZED_AUTOS = YES_AGGRESSIVE;
				GCC_WARN_UNUSED_FUNCTION = YES;
				GCC_WARN_UNUSED_VARIABLE = YES;
				IPHONEOS_DEPLOYMENT_TARGET = 16.1;
				MTL_ENABLE_DEBUG_INFO = INCLUDE_SOURCE;
				MTL_FAST_MATH = YES;
				ONLY_ACTIVE_ARCH = YES;
				SDKROOT = iphoneos;
				SWIFT_ACTIVE_COMPILATION_CONDITIONS = DEBUG;
				SWIFT_OPTIMIZATION_LEVEL = "-Onone";
			};
			name = Debug;
		};
		DABDB0432A4700640084AF4D /* Release */ = {
			isa = XCBuildConfiguration;
			buildSettings = {
				ALWAYS_SEARCH_USER_PATHS = NO;
				CLANG_ANALYZER_NONNULL = YES;
				CLANG_ANALYZER_NUMBER_OBJECT_CONVERSION = YES_AGGRESSIVE;
				CLANG_CXX_LANGUAGE_STANDARD = "gnu++20";
				CLANG_ENABLE_MODULES = YES;
				CLANG_ENABLE_OBJC_ARC = YES;
				CLANG_ENABLE_OBJC_WEAK = YES;
				CLANG_WARN_BLOCK_CAPTURE_AUTORELEASING = YES;
				CLANG_WARN_BOOL_CONVERSION = YES;
				CLANG_WARN_COMMA = YES;
				CLANG_WARN_CONSTANT_CONVERSION = YES;
				CLANG_WARN_DEPRECATED_OBJC_IMPLEMENTATIONS = YES;
				CLANG_WARN_DIRECT_OBJC_ISA_USAGE = YES_ERROR;
				CLANG_WARN_DOCUMENTATION_COMMENTS = YES;
				CLANG_WARN_EMPTY_BODY = YES;
				CLANG_WARN_ENUM_CONVERSION = YES;
				CLANG_WARN_INFINITE_RECURSION = YES;
				CLANG_WARN_INT_CONVERSION = YES;
				CLANG_WARN_NON_LITERAL_NULL_CONVERSION = YES;
				CLANG_WARN_OBJC_IMPLICIT_RETAIN_SELF = YES;
				CLANG_WARN_OBJC_LITERAL_CONVERSION = YES;
				CLANG_WARN_OBJC_ROOT_CLASS = YES_ERROR;
				CLANG_WARN_QUOTED_INCLUDE_IN_FRAMEWORK_HEADER = YES;
				CLANG_WARN_RANGE_LOOP_ANALYSIS = YES;
				CLANG_WARN_STRICT_PROTOTYPES = YES;
				CLANG_WARN_SUSPICIOUS_MOVE = YES;
				CLANG_WARN_UNGUARDED_AVAILABILITY = YES_AGGRESSIVE;
				CLANG_WARN_UNREACHABLE_CODE = YES;
				CLANG_WARN__DUPLICATE_METHOD_MATCH = YES;
				COPY_PHASE_STRIP = NO;
				DEBUG_INFORMATION_FORMAT = "dwarf-with-dsym";
				ENABLE_NS_ASSERTIONS = NO;
				ENABLE_STRICT_OBJC_MSGSEND = YES;
				GCC_C_LANGUAGE_STANDARD = gnu11;
				GCC_NO_COMMON_BLOCKS = YES;
				GCC_WARN_64_TO_32_BIT_CONVERSION = YES;
				GCC_WARN_ABOUT_RETURN_TYPE = YES_ERROR;
				GCC_WARN_UNDECLARED_SELECTOR = YES;
				GCC_WARN_UNINITIALIZED_AUTOS = YES_AGGRESSIVE;
				GCC_WARN_UNUSED_FUNCTION = YES;
				GCC_WARN_UNUSED_VARIABLE = YES;
				IPHONEOS_DEPLOYMENT_TARGET = 16.1;
				MTL_ENABLE_DEBUG_INFO = NO;
				MTL_FAST_MATH = YES;
				SDKROOT = iphoneos;
				SWIFT_COMPILATION_MODE = wholemodule;
				SWIFT_OPTIMIZATION_LEVEL = "-O";
				VALIDATE_PRODUCT = YES;
			};
			name = Release;
		};
		DABDB0452A4700640084AF4D /* Debug */ = {
			isa = XCBuildConfiguration;
			baseConfigurationReference = 7654C50426775429113463FD /* Pods-Instagram.debug.xcconfig */;
			buildSettings = {
				ASSETCATALOG_COMPILER_APPICON_NAME = AppIcon;
				ASSETCATALOG_COMPILER_GLOBAL_ACCENT_COLOR_NAME = AccentColor;
				CODE_SIGN_STYLE = Automatic;
				CURRENT_PROJECT_VERSION = 1;
				DEVELOPMENT_TEAM = NYN522LFK7;
				GENERATE_INFOPLIST_FILE = YES;
				INFOPLIST_FILE = Instagram/Info.plist;
				INFOPLIST_KEY_NSCameraUsageDescription = "本アプリは、画像の投稿及び編集のため、カメラの使用許可を求めます。";
				INFOPLIST_KEY_UIApplicationSupportsIndirectInputEvents = YES;
				INFOPLIST_KEY_UILaunchStoryboardName = LaunchScreen;
				INFOPLIST_KEY_UIMainStoryboardFile = Main;
				INFOPLIST_KEY_UISupportedInterfaceOrientations = UIInterfaceOrientationPortrait;
				INFOPLIST_KEY_UISupportedInterfaceOrientations_iPad = "UIInterfaceOrientationLandscapeLeft UIInterfaceOrientationLandscapeRight UIInterfaceOrientationPortrait UIInterfaceOrientationPortraitUpsideDown";
				LD_RUNPATH_SEARCH_PATHS = (
					"$(inherited)",
					"@executable_path/Frameworks",
				);
				MARKETING_VERSION = 1.0;
				PRODUCT_BUNDLE_IDENTIFIER = jp.techacademy.t.tetsuya.Instagram;
				PRODUCT_NAME = "$(TARGET_NAME)";
				SUPPORTED_PLATFORMS = "iphoneos iphonesimulator";
				SUPPORTS_MACCATALYST = NO;
				SUPPORTS_MAC_DESIGNED_FOR_IPHONE_IPAD = NO;
				SWIFT_EMIT_LOC_STRINGS = YES;
				SWIFT_VERSION = 5.0;
				TARGETED_DEVICE_FAMILY = 1;
			};
			name = Debug;
		};
		DABDB0462A4700640084AF4D /* Release */ = {
			isa = XCBuildConfiguration;
			baseConfigurationReference = 63160B8F4185FBBDC9D41301 /* Pods-Instagram.release.xcconfig */;
			buildSettings = {
				ASSETCATALOG_COMPILER_APPICON_NAME = AppIcon;
				ASSETCATALOG_COMPILER_GLOBAL_ACCENT_COLOR_NAME = AccentColor;
				CODE_SIGN_STYLE = Automatic;
				CURRENT_PROJECT_VERSION = 1;
				DEVELOPMENT_TEAM = NYN522LFK7;
				GENERATE_INFOPLIST_FILE = YES;
				INFOPLIST_FILE = Instagram/Info.plist;
				INFOPLIST_KEY_NSCameraUsageDescription = "本アプリは、画像の投稿及び編集のため、カメラの使用許可を求めます。";
				INFOPLIST_KEY_UIApplicationSupportsIndirectInputEvents = YES;
				INFOPLIST_KEY_UILaunchStoryboardName = LaunchScreen;
				INFOPLIST_KEY_UIMainStoryboardFile = Main;
				INFOPLIST_KEY_UISupportedInterfaceOrientations = UIInterfaceOrientationPortrait;
				INFOPLIST_KEY_UISupportedInterfaceOrientations_iPad = "UIInterfaceOrientationLandscapeLeft UIInterfaceOrientationLandscapeRight UIInterfaceOrientationPortrait UIInterfaceOrientationPortraitUpsideDown";
				LD_RUNPATH_SEARCH_PATHS = (
					"$(inherited)",
					"@executable_path/Frameworks",
				);
				MARKETING_VERSION = 1.0;
				PRODUCT_BUNDLE_IDENTIFIER = jp.techacademy.t.tetsuya.Instagram;
				PRODUCT_NAME = "$(TARGET_NAME)";
				SUPPORTED_PLATFORMS = "iphoneos iphonesimulator";
				SUPPORTS_MACCATALYST = NO;
				SUPPORTS_MAC_DESIGNED_FOR_IPHONE_IPAD = NO;
				SWIFT_EMIT_LOC_STRINGS = YES;
				SWIFT_VERSION = 5.0;
				TARGETED_DEVICE_FAMILY = 1;
			};
			name = Release;
		};
/* End XCBuildConfiguration section */

/* Begin XCConfigurationList section */
		DABDB02B2A4700630084AF4D /* Build configuration list for PBXProject "Instagram" */ = {
			isa = XCConfigurationList;
			buildConfigurations = (
				DABDB0422A4700640084AF4D /* Debug */,
				DABDB0432A4700640084AF4D /* Release */,
			);
			defaultConfigurationIsVisible = 0;
			defaultConfigurationName = Release;
		};
		DABDB0442A4700640084AF4D /* Build configuration list for PBXNativeTarget "Instagram" */ = {
			isa = XCConfigurationList;
			buildConfigurations = (
				DABDB0452A4700640084AF4D /* Debug */,
				DABDB0462A4700640084AF4D /* Release */,
			);
			defaultConfigurationIsVisible = 0;
			defaultConfigurationName = Release;
		};
/* End XCConfigurationList section */
	};
	rootObject = DABDB0282A4700630084AF4D /* Project object */;
}
